
Microsoft Visual Studio Solution File, Format Version 12.00
# Visual Studio 15
VisualStudioVersion = 15.0.28307.852
MinimumVisualStudioVersion = 10.0.40219.1
Project("{FAE04EC0-301F-11D3-BF4B-00C04F79EFBC}") = "CLogica", "CLogica\CLogica.csproj", "{33AA2053-CBC8-4B01-AF1C-6CDAC58CC7F8}"
EndProject
Project("{FAE04EC0-301F-11D3-BF4B-00C04F79EFBC}") = "CPresentacion", "CPresentacion\CPresentacion.csproj", "{B8395DEA-116C-4A3E-BB03-66AADF379BD9}"
EndProject
Global
	GlobalSection(SolutionConfigurationPlatforms) = preSolution
		Debug|Any CPU = Debug|Any CPU
		Release|Any CPU = Release|Any CPU
	EndGlobalSection
	GlobalSection(ProjectConfigurationPlatforms) = postSolution
		{33AA2053-CBC8-4B01-AF1C-6CDAC58CC7F8}.Debug|Any CPU.ActiveCfg = Debug|Any CPU
		{33AA2053-CBC8-4B01-AF1C-6CDAC58CC7F8}.Debug|Any CPU.Build.0 = Debug|Any CPU
		{33AA2053-CBC8-4B01-AF1C-6CDAC58CC7F8}.Release|Any CPU.ActiveCfg = Release|Any CPU
		{33AA2053-CBC8-4B01-AF1C-6CDAC58CC7F8}.Release|Any CPU.Build.0 = Release|Any CPU
		{B8395DEA-116C-4A3E-BB03-66AADF379BD9}.Debug|Any CPU.ActiveCfg = Debug|Any CPU
		{B8395DEA-116C-4A3E-BB03-66AADF379BD9}.Debug|Any CPU.Build.0 = Debug|Any CPU
		{B8395DEA-116C-4A3E-BB03-66AADF379BD9}.Release|Any CPU.ActiveCfg = Release|Any CPU
		{B8395DEA-116C-4A3E-BB03-66AADF379BD9}.Release|Any CPU.Build.0 = Release|Any CPU
	EndGlobalSection
	GlobalSection(SolutionProperties) = preSolution
		HideSolutionNode = FALSE
	EndGlobalSection
	GlobalSection(ExtensibilityGlobals) = postSolution
		SolutionGuid = {A8943387-DCD0-4388-99C8-BDFA909C642C}
	EndGlobalSection
EndGlobal
